
Microsoft Visual Studio Solution File, Format Version 12.00
# Visual Studio Version 17
VisualStudioVersion = 17.11.35222.181
MinimumVisualStudioVersion = 10.0.40219.1
Project("{FAE04EC0-301F-11D3-BF4B-00C04F79EFBC}") = "URL_Shortener", "URL_Shortener\URL_Shortener.csproj", "{4931D13F-8B32-4CA2-AF03-28DEAA1C767E}"
EndProject
Global
	GlobalSection(SolutionConfigurationPlatforms) = preSolution
		Debug|Any CPU = Debug|Any CPU
		Release|Any CPU = Release|Any CPU
	EndGlobalSection
	GlobalSection(ProjectConfigurationPlatforms) = postSolution
		{4931D13F-8B32-4CA2-AF03-28DEAA1C767E}.Debug|Any CPU.ActiveCfg = Debug|Any CPU
		{4931D13F-8B32-4CA2-AF03-28DEAA1C767E}.Debug|Any CPU.Build.0 = Debug|Any CPU
		{4931D13F-8B32-4CA2-AF03-28DEAA1C767E}.Release|Any CPU.ActiveCfg = Release|Any CPU
		{4931D13F-8B32-4CA2-AF03-28DEAA1C767E}.Release|Any CPU.Build.0 = Release|Any CPU
	EndGlobalSection
	GlobalSection(SolutionProperties) = preSolution
		HideSolutionNode = FALSE
	EndGlobalSection
	GlobalSection(ExtensibilityGlobals) = postSolution
		SolutionGuid = {665896AE-9A2A-424C-8A09-A8495700BB75}
	EndGlobalSection
EndGlobal
